
Microsoft Visual Studio Solution File, Format Version 11.00
# Visual Studio 2010
Project("{FAE04EC0-301F-11D3-BF4B-00C04F79EFBC}") = "Witness", "Witness\Witness.csproj", "{7B795B1B-664A-4AEB-9E5F-06F2DDB4236D}"
EndProject
Project("{FAE04EC0-301F-11D3-BF4B-00C04F79EFBC}") = "Witness.Tests", "Witness.Tests\Witness.Tests.csproj", "{5F46C713-D497-492D-BA7F-958071786E2C}"
EndProject
Global
	GlobalSection(SolutionConfigurationPlatforms) = preSolution
		Debug|Any CPU = Debug|Any CPU
		Release|Any CPU = Release|Any CPU
	EndGlobalSection
	GlobalSection(ProjectConfigurationPlatforms) = postSolution
		{7B795B1B-664A-4AEB-9E5F-06F2DDB4236D}.Debug|Any CPU.ActiveCfg = Debug|Any CPU
		{7B795B1B-664A-4AEB-9E5F-06F2DDB4236D}.Debug|Any CPU.Build.0 = Debug|Any CPU
		{7B795B1B-664A-4AEB-9E5F-06F2DDB4236D}.Release|Any CPU.ActiveCfg = Release|Any CPU
		{7B795B1B-664A-4AEB-9E5F-06F2DDB4236D}.Release|Any CPU.Build.0 = Release|Any CPU
		{5F46C713-D497-492D-BA7F-958071786E2C}.Debug|Any CPU.ActiveCfg = Debug|Any CPU
		{5F46C713-D497-492D-BA7F-958071786E2C}.Debug|Any CPU.Build.0 = Debug|Any CPU
		{5F46C713-D497-492D-BA7F-958071786E2C}.Release|Any CPU.ActiveCfg = Release|Any CPU
		{5F46C713-D497-492D-BA7F-958071786E2C}.Release|Any CPU.Build.0 = Release|Any CPU
	EndGlobalSection
	GlobalSection(SolutionProperties) = preSolution
		HideSolutionNode = FALSE
	EndGlobalSection
EndGlobal
