
Microsoft Visual Studio Solution File, Format Version 11.00
# Visual Studio 2010
Project("{FAE04EC0-301F-11D3-BF4B-00C04F79EFBC}") = "Witness", "Witness\Witness.csproj", "{C7D7460A-C02D-4F83-ABC6-D7C2508F59E9}"
EndProject
Project("{FAE04EC0-301F-11D3-BF4B-00C04F79EFBC}") = "Demo", "Demo\Demo.csproj", "{EDE216DD-8EA5-4D8D-B878-EE83DC457A20}"
EndProject
Project("{FAE04EC0-301F-11D3-BF4B-00C04F79EFBC}") = "Witness.Tests", "Witness.Tests\Witness.Tests.csproj", "{5F46C713-D497-492D-BA7F-958071786E2C}"
EndProject
Project("{FAE04EC0-301F-11D3-BF4B-00C04F79EFBC}") = "Fingers", "Fingers\Fingers.csproj", "{0B497622-1CE5-4CCA-BA25-7718EC44794F}"
EndProject
Project("{FAE04EC0-301F-11D3-BF4B-00C04F79EFBC}") = "Witness.MSBuild", "Witness.MSBuild\Witness.MSBuild.csproj", "{EDD7C6FC-9FE7-4F46-9F94-4957537CAF94}"
EndProject
Global
	GlobalSection(SolutionConfigurationPlatforms) = preSolution
		Debug|Any CPU = Debug|Any CPU
		Release|Any CPU = Release|Any CPU
	EndGlobalSection
	GlobalSection(ProjectConfigurationPlatforms) = postSolution
		{C7D7460A-C02D-4F83-ABC6-D7C2508F59E9}.Debug|Any CPU.ActiveCfg = Debug|Any CPU
		{C7D7460A-C02D-4F83-ABC6-D7C2508F59E9}.Debug|Any CPU.Build.0 = Debug|Any CPU
		{C7D7460A-C02D-4F83-ABC6-D7C2508F59E9}.Release|Any CPU.ActiveCfg = Release|Any CPU
		{C7D7460A-C02D-4F83-ABC6-D7C2508F59E9}.Release|Any CPU.Build.0 = Release|Any CPU
		{EDE216DD-8EA5-4D8D-B878-EE83DC457A20}.Debug|Any CPU.ActiveCfg = Debug|Any CPU
		{EDE216DD-8EA5-4D8D-B878-EE83DC457A20}.Debug|Any CPU.Build.0 = Debug|Any CPU
		{EDE216DD-8EA5-4D8D-B878-EE83DC457A20}.Release|Any CPU.ActiveCfg = Release|Any CPU
		{EDE216DD-8EA5-4D8D-B878-EE83DC457A20}.Release|Any CPU.Build.0 = Release|Any CPU
		{5F46C713-D497-492D-BA7F-958071786E2C}.Debug|Any CPU.ActiveCfg = Debug|Any CPU
		{5F46C713-D497-492D-BA7F-958071786E2C}.Debug|Any CPU.Build.0 = Debug|Any CPU
		{5F46C713-D497-492D-BA7F-958071786E2C}.Release|Any CPU.ActiveCfg = Release|Any CPU
		{5F46C713-D497-492D-BA7F-958071786E2C}.Release|Any CPU.Build.0 = Release|Any CPU
		{0B497622-1CE5-4CCA-BA25-7718EC44794F}.Debug|Any CPU.ActiveCfg = Debug|Any CPU
		{0B497622-1CE5-4CCA-BA25-7718EC44794F}.Debug|Any CPU.Build.0 = Debug|Any CPU
		{0B497622-1CE5-4CCA-BA25-7718EC44794F}.Release|Any CPU.ActiveCfg = Release|Any CPU
		{0B497622-1CE5-4CCA-BA25-7718EC44794F}.Release|Any CPU.Build.0 = Release|Any CPU
		{EDD7C6FC-9FE7-4F46-9F94-4957537CAF94}.Debug|Any CPU.ActiveCfg = Debug|Any CPU
		{EDD7C6FC-9FE7-4F46-9F94-4957537CAF94}.Debug|Any CPU.Build.0 = Debug|Any CPU
		{EDD7C6FC-9FE7-4F46-9F94-4957537CAF94}.Release|Any CPU.ActiveCfg = Release|Any CPU
		{EDD7C6FC-9FE7-4F46-9F94-4957537CAF94}.Release|Any CPU.Build.0 = Release|Any CPU
	EndGlobalSection
	GlobalSection(SolutionProperties) = preSolution
		HideSolutionNode = FALSE
	EndGlobalSection
EndGlobal
